// !$*UTF8*$!
{
	archiveVersion = 1;
	classes = {
	};
	objectVersion = 48;
	objects = {

/* Begin PBXBuildFile section */
		042EFB47203076D400CFDBAF /* AppDelegate.swift in Sources */ = {isa = PBXBuildFile; fileRef = 042EFB46203076D400CFDBAF /* AppDelegate.swift */; };
		042EFB49203076D400CFDBAF /* ViewController.swift in Sources */ = {isa = PBXBuildFile; fileRef = 042EFB48203076D400CFDBAF /* ViewController.swift */; };
		042EFB4C203076D400CFDBAF /* Main.storyboard in Resources */ = {isa = PBXBuildFile; fileRef = 042EFB4A203076D400CFDBAF /* Main.storyboard */; };
		042EFB4E203076D400CFDBAF /* Assets.xcassets in Resources */ = {isa = PBXBuildFile; fileRef = 042EFB4D203076D400CFDBAF /* Assets.xcassets */; };
		042EFB51203076D400CFDBAF /* LaunchScreen.storyboard in Resources */ = {isa = PBXBuildFile; fileRef = 042EFB4F203076D400CFDBAF /* LaunchScreen.storyboard */; };
		042EFB592030925F00CFDBAF /* TableCell.swift in Sources */ = {isa = PBXBuildFile; fileRef = 042EFB582030925F00CFDBAF /* TableCell.swift */; };
		042EFB5B2030974E00CFDBAF /* MAImageV.swift in Sources */ = {isa = PBXBuildFile; fileRef = 042EFB5A2030974E00CFDBAF /* MAImageV.swift */; };
		042EFB5D20309AAB00CFDBAF /* CellData.swift in Sources */ = {isa = PBXBuildFile; fileRef = 042EFB5C20309AAB00CFDBAF /* CellData.swift */; };
		042EFB5F20309B0C00CFDBAF /* Constants.swift in Sources */ = {isa = PBXBuildFile; fileRef = 042EFB5E20309B0C00CFDBAF /* Constants.swift */; };
/* End PBXBuildFile section */

/* Begin PBXFileReference section */
		042EFB43203076D400CFDBAF /* trio.app */ = {isa = PBXFileReference; explicitFileType = wrapper.application; includeInIndex = 0; path = trio.app; sourceTree = BUILT_PRODUCTS_DIR; };
		042EFB46203076D400CFDBAF /* AppDelegate.swift */ = {isa = PBXFileReference; lastKnownFileType = sourcecode.swift; path = AppDelegate.swift; sourceTree = "<group>"; };
		042EFB48203076D400CFDBAF /* ViewController.swift */ = {isa = PBXFileReference; lastKnownFileType = sourcecode.swift; path = ViewController.swift; sourceTree = "<group>"; };
		042EFB4B203076D400CFDBAF /* Base */ = {isa = PBXFileReference; lastKnownFileType = file.storyboard; name = Base; path = Base.lproj/Main.storyboard; sourceTree = "<group>"; };
		042EFB4D203076D400CFDBAF /* Assets.xcassets */ = {isa = PBXFileReference; lastKnownFileType = folder.assetcatalog; path = Assets.xcassets; sourceTree = "<group>"; };
		042EFB50203076D400CFDBAF /* Base */ = {isa = PBXFileReference; lastKnownFileType = file.storyboard; name = Base; path = Base.lproj/LaunchScreen.storyboard; sourceTree = "<group>"; };
		042EFB52203076D400CFDBAF /* Info.plist */ = {isa = PBXFileReference; lastKnownFileType = text.plist.xml; path = Info.plist; sourceTree = "<group>"; };
		042EFB582030925F00CFDBAF /* TableCell.swift */ = {isa = PBXFileReference; lastKnownFileType = sourcecode.swift; path = TableCell.swift; sourceTree = "<group>"; };
		042EFB5A2030974E00CFDBAF /* MAImageV.swift */ = {isa = PBXFileReference; lastKnownFileType = sourcecode.swift; path = MAImageV.swift; sourceTree = "<group>"; };
		042EFB5C20309AAB00CFDBAF /* CellData.swift */ = {isa = PBXFileReference; lastKnownFileType = sourcecode.swift; path = CellData.swift; sourceTree = "<group>"; };
		042EFB5E20309B0C00CFDBAF /* Constants.swift */ = {isa = PBXFileReference; lastKnownFileType = sourcecode.swift; path = Constants.swift; sourceTree = "<group>"; };
/* End PBXFileReference section */

/* Begin PBXFrameworksBuildPhase section */
		042EFB40203076D400CFDBAF /* Frameworks */ = {
			isa = PBXFrameworksBuildPhase;
			buildActionMask = 2147483647;
			files = (
			);
			runOnlyForDeploymentPostprocessing = 0;
		};
/* End PBXFrameworksBuildPhase section */

/* Begin PBXGroup section */
		042EFB3A203076D400CFDBAF = {
			isa = PBXGroup;
			children = (
				042EFB45203076D400CFDBAF /* trio */,
				042EFB44203076D400CFDBAF /* Products */,
			);
			sourceTree = "<group>";
		};
		042EFB44203076D400CFDBAF /* Products */ = {
			isa = PBXGroup;
			children = (
				042EFB43203076D400CFDBAF /* trio.app */,
			);
			name = Products;
			sourceTree = "<group>";
		};
		042EFB45203076D400CFDBAF /* trio */ = {
			isa = PBXGroup;
			children = (
				042EFB46203076D400CFDBAF /* AppDelegate.swift */,
				042EFB48203076D400CFDBAF /* ViewController.swift */,
				042EFB4A203076D400CFDBAF /* Main.storyboard */,
				042EFB4D203076D400CFDBAF /* Assets.xcassets */,
				042EFB4F203076D400CFDBAF /* LaunchScreen.storyboard */,
				042EFB52203076D400CFDBAF /* Info.plist */,
				042EFB582030925F00CFDBAF /* TableCell.swift */,
				042EFB5A2030974E00CFDBAF /* MAImageV.swift */,
				042EFB5C20309AAB00CFDBAF /* CellData.swift */,
				042EFB5E20309B0C00CFDBAF /* Constants.swift */,
			);
			path = trio;
			sourceTree = "<group>";
		};
/* End PBXGroup section */

/* Begin PBXNativeTarget section */
		042EFB42203076D400CFDBAF /* trio */ = {
			isa = PBXNativeTarget;
			buildConfigurationList = 042EFB55203076D400CFDBAF /* Build configuration list for PBXNativeTarget "trio" */;
			buildPhases = (
				042EFB3F203076D400CFDBAF /* Sources */,
				042EFB40203076D400CFDBAF /* Frameworks */,
				042EFB41203076D400CFDBAF /* Resources */,
			);
			buildRules = (
			);
			dependencies = (
			);
			name = trio;
			productName = trio;
			productReference = 042EFB43203076D400CFDBAF /* trio.app */;
			productType = "com.apple.product-type.application";
		};
/* End PBXNativeTarget section */

/* Begin PBXProject section */
		042EFB3B203076D400CFDBAF /* Project object */ = {
			isa = PBXProject;
			attributes = {
				LastSwiftUpdateCheck = 0900;
				LastUpgradeCheck = 0900;
				ORGANIZATIONNAME = mac;
				TargetAttributes = {
					042EFB42203076D400CFDBAF = {
						CreatedOnToolsVersion = 9.0;
						ProvisioningStyle = Automatic;
					};
				};
			};
			buildConfigurationList = 042EFB3E203076D400CFDBAF /* Build configuration list for PBXProject "trio" */;
			compatibilityVersion = "Xcode 8.0";
			developmentRegion = en;
			hasScannedForEncodings = 0;
			knownRegions = (
				en,
				Base,
			);
			mainGroup = 042EFB3A203076D400CFDBAF;
			productRefGroup = 042EFB44203076D400CFDBAF /* Products */;
			projectDirPath = "";
			projectRoot = "";
			targets = (
				042EFB42203076D400CFDBAF /* trio */,
			);
		};
/* End PBXProject section */

/* Begin PBXResourcesBuildPhase section */
		042EFB41203076D400CFDBAF /* Resources */ = {
			isa = PBXResourcesBuildPhase;
			buildActionMask = 2147483647;
			files = (
				042EFB51203076D400CFDBAF /* LaunchScreen.storyboard in Resources */,
				042EFB4E203076D400CFDBAF /* Assets.xcassets in Resources */,
				042EFB4C203076D400CFDBAF /* Main.storyboard in Resources */,
			);
			runOnlyForDeploymentPostprocessing = 0;
		};
/* End PBXResourcesBuildPhase section */

/* Begin PBXSourcesBuildPhase section */
		042EFB3F203076D400CFDBAF /* Sources */ = {
			isa = PBXSourcesBuildPhase;
			buildActionMask = 2147483647;
			files = (
				042EFB5B2030974E00CFDBAF /* MAImageV.swift in Sources */,
				042EFB592030925F00CFDBAF /* TableCell.swift in Sources */,
				042EFB49203076D400CFDBAF /* ViewController.swift in Sources */,
				042EFB5D20309AAB00CFDBAF /* CellData.swift in Sources */,
				042EFB47203076D400CFDBAF /* AppDelegate.swift in Sources */,
				042EFB5F20309B0C00CFDBAF /* Constants.swift in Sources */,
			);
			runOnlyForDeploymentPostprocessing = 0;
		};
/* End PBXSourcesBuildPhase section */

/* Begin PBXVariantGroup section */
		042EFB4A203076D400CFDBAF /* Main.storyboard */ = {
			isa = PBXVariantGroup;
			children = (
				042EFB4B203076D400CFDBAF /* Base */,
			);
			name = Main.storyboard;
			sourceTree = "<group>";
		};
		042EFB4F203076D400CFDBAF /* LaunchScreen.storyboard */ = {
			isa = PBXVariantGroup;
			children = (
				042EFB50203076D400CFDBAF /* Base */,
			);
			name = LaunchScreen.storyboard;
			sourceTree = "<group>";
		};
/* End PBXVariantGroup section */

/* Begin XCBuildConfiguration section */
		042EFB53203076D400CFDBAF /* Debug */ = {
			isa = XCBuildConfiguration;
			buildSettings = {
				ALWAYS_SEARCH_USER_PATHS = NO;
				CLANG_ANALYZER_NONNULL = YES;
				CLANG_ANALYZER_NUMBER_OBJECT_CONVERSION = YES_AGGRESSIVE;
				CLANG_CXX_LANGUAGE_STANDARD = "gnu++14";
				CLANG_CXX_LIBRARY = "libc++";
				CLANG_ENABLE_MODULES = YES;
				CLANG_ENABLE_OBJC_ARC = YES;
				CLANG_WARN_BLOCK_CAPTURE_AUTORELEASING = YES;
				CLANG_WARN_BOOL_CONVERSION = YES;
				CLANG_WARN_COMMA = YES;
				CLANG_WARN_CONSTANT_CONVERSION = YES;
				CLANG_WARN_DIRECT_OBJC_ISA_USAGE = YES_ERROR;
				CLANG_WARN_DOCUMENTATION_COMMENTS = YES;
				CLANG_WARN_EMPTY_BODY = YES;
				CLANG_WARN_ENUM_CONVERSION = YES;
				CLANG_WARN_INFINITE_RECURSION = YES;
				CLANG_WARN_INT_CONVERSION = YES;
				CLANG_WARN_NON_LITERAL_NULL_CONVERSION = YES;
				CLANG_WARN_OBJC_LITERAL_CONVERSION = YES;
				CLANG_WARN_OBJC_ROOT_CLASS = YES_ERROR;
				CLANG_WARN_RANGE_LOOP_ANALYSIS = YES;
				CLANG_WARN_STRICT_PROTOTYPES = YES;
				CLANG_WARN_SUSPICIOUS_MOVE = YES;
				CLANG_WARN_UNGUARDED_AVAILABILITY = YES_AGGRESSIVE;
				CLANG_WARN_UNREACHABLE_CODE = YES;
				CLANG_WARN__DUPLICATE_METHOD_MATCH = YES;
				CODE_SIGN_IDENTITY = "iPhone Developer";
				COPY_PHASE_STRIP = NO;
				DEBUG_INFORMATION_FORMAT = dwarf;
				ENABLE_STRICT_OBJC_MSGSEND = YES;
				ENABLE_TESTABILITY = YES;
				GCC_C_LANGUAGE_STANDARD = gnu11;
				GCC_DYNAMIC_NO_PIC = NO;
				GCC_NO_COMMON_BLOCKS = YES;
				GCC_OPTIMIZATION_LEVEL = 0;
				GCC_PREPROCESSOR_DEFINITIONS = (
					"DEBUG=1",
					"$(inherited)",
				);
				GCC_WARN_64_TO_32_BIT_CONVERSION = YES;
				GCC_WARN_ABOUT_RETURN_TYPE = YES_ERROR;
				GCC_WARN_UNDECLARED_SELECTOR = YES;
				GCC_WARN_UNINITIALIZED_AUTOS = YES_AGGRESSIVE;
				GCC_WARN_UNUSED_FUNCTION = YES;
				GCC_WARN_UNUSED_VARIABLE = YES;
				IPHONEOS_DEPLOYMENT_TARGET = 11.0;
				MTL_ENABLE_DEBUG_INFO = YES;
				ONLY_ACTIVE_ARCH = YES;
				SDKROOT = iphoneos;
				SWIFT_ACTIVE_COMPILATION_CONDITIONS = DEBUG;
				SWIFT_OPTIMIZATION_LEVEL = "-Onone";
			};
			name = Debug;
		};
		042EFB54203076D400CFDBAF /* Release */ = {
			isa = XCBuildConfiguration;
			buildSettings = {
				ALWAYS_SEARCH_USER_PATHS = NO;
				CLANG_ANALYZER_NONNULL = YES;
				CLANG_ANALYZER_NUMBER_OBJECT_CONVERSION = YES_AGGRESSIVE;
				CLANG_CXX_LANGUAGE_STANDARD = "gnu++14";
				CLANG_CXX_LIBRARY = "libc++";
				CLANG_ENABLE_MODULES = YES;
				CLANG_ENABLE_OBJC_ARC = YES;
				CLANG_WARN_BLOCK_CAPTURE_AUTORELEASING = YES;
				CLANG_WARN_BOOL_CONVERSION = YES;
				CLANG_WARN_COMMA = YES;
				CLANG_WARN_CONSTANT_CONVERSION = YES;
				CLANG_WARN_DIRECT_OBJC_ISA_USAGE = YES_ERROR;
				CLANG_WARN_DOCUMENTATION_COMMENTS = YES;
				CLANG_WARN_EMPTY_BODY = YES;
				CLANG_WARN_ENUM_CONVERSION = YES;
				CLANG_WARN_INFINITE_RECURSION = YES;
				CLANG_WARN_INT_CONVERSION = YES;
				CLANG_WARN_NON_LITERAL_NULL_CONVERSION = YES;
				CLANG_WARN_OBJC_LITERAL_CONVERSION = YES;
				CLANG_WARN_OBJC_ROOT_CLASS = YES_ERROR;
				CLANG_WARN_RANGE_LOOP_ANALYSIS = YES;
				CLANG_WARN_STRICT_PROTOTYPES = YES;
				CLANG_WARN_SUSPICIOUS_MOVE = YES;
				CLANG_WARN_UNGUARDED_AVAILABILITY = YES_AGGRESSIVE;
				CLANG_WARN_UNREACHABLE_CODE = YES;
				CLANG_WARN__DUPLICATE_METHOD_MATCH = YES;
				CODE_SIGN_IDENTITY = "iPhone Developer";
				COPY_PHASE_STRIP = NO;
				DEBUG_INFORMATION_FORMAT = "dwarf-with-dsym";
				ENABLE_NS_ASSERTIONS = NO;
				ENABLE_STRICT_OBJC_MSGSEND = YES;
				GCC_C_LANGUAGE_STANDARD = gnu11;
				GCC_NO_COMMON_BLOCKS = YES;
				GCC_WARN_64_TO_32_BIT_CONVERSION = YES;
				GCC_WARN_ABOUT_RETURN_TYPE = YES_ERROR;
				GCC_WARN_UNDECLARED_SELECTOR = YES;
				GCC_WARN_UNINITIALIZED_AUTOS = YES_AGGRESSIVE;
				GCC_WARN_UNUSED_FUNCTION = YES;
				GCC_WARN_UNUSED_VARIABLE = YES;
				IPHONEOS_DEPLOYMENT_TARGET = 11.0;
				MTL_ENABLE_DEBUG_INFO = NO;
				SDKROOT = iphoneos;
				SWIFT_OPTIMIZATION_LEVEL = "-Owholemodule";
				VALIDATE_PRODUCT = YES;
			};
			name = Release;
		};
		042EFB56203076D400CFDBAF /* Debug */ = {
			isa = XCBuildConfiguration;
			buildSettings = {
				ASSETCATALOG_COMPILER_APPICON_NAME = AppIcon;
				CODE_SIGN_STYLE = Automatic;
				DEVELOPMENT_TEAM = 29PJQQ6WB3;
				INFOPLIST_FILE = trio/Info.plist;
				IPHONEOS_DEPLOYMENT_TARGET = 10.0;
				LD_RUNPATH_SEARCH_PATHS = "$(inherited) @executable_path/Frameworks";
				PRODUCT_BUNDLE_IDENTIFIER = com.epicSyst.trio;
				PRODUCT_NAME = "$(TARGET_NAME)";
				SWIFT_VERSION = 4.0;
				TARGETED_DEVICE_FAMILY = "1,2";
			};
			name = Debug;
		};
		042EFB57203076D400CFDBAF /* Release */ = {
			isa = XCBuildConfiguration;
			buildSettings = {
				ASSETCATALOG_COMPILER_APPICON_NAME = AppIcon;
				CODE_SIGN_STYLE = Automatic;
				DEVELOPMENT_TEAM = 29PJQQ6WB3;
				INFOPLIST_FILE = trio/Info.plist;
				IPHONEOS_DEPLOYMENT_TARGET = 10.0;
				LD_RUNPATH_SEARCH_PATHS = "$(inherited) @executable_path/Frameworks";
				PRODUCT_BUNDLE_IDENTIFIER = com.epicSyst.trio;
				PRODUCT_NAME = "$(TARGET_NAME)";
				SWIFT_VERSION = 4.0;
				TARGETED_DEVICE_FAMILY = "1,2";
			};
			name = Release;
		};
/* End XCBuildConfiguration section */

/* Begin XCConfigurationList section */
		042EFB3E203076D400CFDBAF /* Build configuration list for PBXProject "trio" */ = {
			isa = XCConfigurationList;
			buildConfigurations = (
				042EFB53203076D400CFDBAF /* Debug */,
				042EFB54203076D400CFDBAF /* Release */,
			);
			defaultConfigurationIsVisible = 0;
			defaultConfigurationName = Release;
		};
		042EFB55203076D400CFDBAF /* Build configuration list for PBXNativeTarget "trio" */ = {
			isa = XCConfigurationList;
			buildConfigurations = (
				042EFB56203076D400CFDBAF /* Debug */,
				042EFB57203076D400CFDBAF /* Release */,
			);
			defaultConfigurationIsVisible = 0;
			defaultConfigurationName = Release;
		};
/* End XCConfigurationList section */
	};
	rootObject = 042EFB3B203076D400CFDBAF /* Project object */;
}
